
Microsoft Visual Studio Solution File, Format Version 12.00
# Visual Studio 2015
Project("{FAE04EC0-301F-11D3-BF4B-00C04F79EFBC}") = "runBunnyTutorial.CSharp", "runBunnyTutorial.CSharp.csproj", "{F206FAD1-43A5-FE5D-3A59-37547E830A84}"
EndProject
Global
	GlobalSection(SolutionConfigurationPlatforms) = preSolution
		Debug|Any CPU = Debug|Any CPU
		Release|Any CPU = Release|Any CPU
	EndGlobalSection
	GlobalSection(ProjectConfigurationPlatforms) = postSolution
		{F206FAD1-43A5-FE5D-3A59-37547E830A84}.Debug|Any CPU.ActiveCfg = Debug|Any CPU
		{F206FAD1-43A5-FE5D-3A59-37547E830A84}.Debug|Any CPU.Build.0 = Debug|Any CPU
		{F206FAD1-43A5-FE5D-3A59-37547E830A84}.Release|Any CPU.ActiveCfg = Release|Any CPU
		{F206FAD1-43A5-FE5D-3A59-37547E830A84}.Release|Any CPU.Build.0 = Release|Any CPU
	EndGlobalSection
	GlobalSection(SolutionProperties) = preSolution
		HideSolutionNode = FALSE
	EndGlobalSection
EndGlobal
